
Microsoft Visual Studio Solution File, Format Version 12.00
# Visual Studio Version 16
VisualStudioVersion = 16.0.30804.86
MinimumVisualStudioVersion = 10.0.40219.1
Project("{FAE04EC0-301F-11D3-BF4B-00C04F79EFBC}") = "c-sharp-travel-agency", "c-sharp-travel-agency\c-sharp-travel-agency.csproj", "{A96CAB54-2F2D-4C17-9AD7-DA5C0462976D}"
EndProject
Project("{FAE04EC0-301F-11D3-BF4B-00C04F79EFBC}") = "TravelAgencyTests", "TravelAgencyTests\TravelAgencyTests.csproj", "{E97D4F7D-20C1-4F01-8B7A-C6445671CEC3}"
EndProject
Global
	GlobalSection(SolutionConfigurationPlatforms) = preSolution
		Debug|Any CPU = Debug|Any CPU
		Release|Any CPU = Release|Any CPU
	EndGlobalSection
	GlobalSection(ProjectConfigurationPlatforms) = postSolution
		{A96CAB54-2F2D-4C17-9AD7-DA5C0462976D}.Debug|Any CPU.ActiveCfg = Debug|Any CPU
		{A96CAB54-2F2D-4C17-9AD7-DA5C0462976D}.Debug|Any CPU.Build.0 = Debug|Any CPU
		{A96CAB54-2F2D-4C17-9AD7-DA5C0462976D}.Release|Any CPU.ActiveCfg = Release|Any CPU
		{A96CAB54-2F2D-4C17-9AD7-DA5C0462976D}.Release|Any CPU.Build.0 = Release|Any CPU
		{E97D4F7D-20C1-4F01-8B7A-C6445671CEC3}.Debug|Any CPU.ActiveCfg = Debug|Any CPU
		{E97D4F7D-20C1-4F01-8B7A-C6445671CEC3}.Debug|Any CPU.Build.0 = Debug|Any CPU
		{E97D4F7D-20C1-4F01-8B7A-C6445671CEC3}.Release|Any CPU.ActiveCfg = Release|Any CPU
		{E97D4F7D-20C1-4F01-8B7A-C6445671CEC3}.Release|Any CPU.Build.0 = Release|Any CPU
	EndGlobalSection
	GlobalSection(SolutionProperties) = preSolution
		HideSolutionNode = FALSE
	EndGlobalSection
	GlobalSection(ExtensibilityGlobals) = postSolution
		SolutionGuid = {4C69F512-F403-4030-9D4F-02C019556A99}
	EndGlobalSection
EndGlobal
